
Microsoft Visual Studio Solution File, Format Version 12.00
# Visual Studio Version 17
VisualStudioVersion = 17.8.34525.116
MinimumVisualStudioVersion = 10.0.40219.1
Project("{FAE04EC0-301F-11D3-BF4B-00C04F79EFBC}") = "Settimana1Esercizio2a", "Settimana1Esercizio2a.csproj", "{C4BA6D18-3485-4155-AE7A-9A4A97F8EB83}"
EndProject
Global
	GlobalSection(SolutionConfigurationPlatforms) = preSolution
		Debug|Any CPU = Debug|Any CPU
		Release|Any CPU = Release|Any CPU
	EndGlobalSection
	GlobalSection(ProjectConfigurationPlatforms) = postSolution
		{C4BA6D18-3485-4155-AE7A-9A4A97F8EB83}.Debug|Any CPU.ActiveCfg = Debug|Any CPU
		{C4BA6D18-3485-4155-AE7A-9A4A97F8EB83}.Debug|Any CPU.Build.0 = Debug|Any CPU
		{C4BA6D18-3485-4155-AE7A-9A4A97F8EB83}.Release|Any CPU.ActiveCfg = Release|Any CPU
		{C4BA6D18-3485-4155-AE7A-9A4A97F8EB83}.Release|Any CPU.Build.0 = Release|Any CPU
	EndGlobalSection
	GlobalSection(SolutionProperties) = preSolution
		HideSolutionNode = FALSE
	EndGlobalSection
	GlobalSection(ExtensibilityGlobals) = postSolution
		SolutionGuid = {76FF5F70-4D17-4054-B899-5F85588ACCC6}
	EndGlobalSection
EndGlobal
